
Microsoft Visual Studio Solution File, Format Version 12.00
# Visual Studio Version 17
VisualStudioVersion = 17.2.32516.85
MinimumVisualStudioVersion = 10.0.40219.1
Project("{FAE04EC0-301F-11D3-BF4B-00C04F79EFBC}") = "BitirmeProj", "BitirmeProj.csproj", "{08AA300E-1ADE-430E-8B32-BD5561079941}"
EndProject
Global
	GlobalSection(SolutionConfigurationPlatforms) = preSolution
		Debug|Any CPU = Debug|Any CPU
		Release|Any CPU = Release|Any CPU
	EndGlobalSection
	GlobalSection(ProjectConfigurationPlatforms) = postSolution
		{08AA300E-1ADE-430E-8B32-BD5561079941}.Debug|Any CPU.ActiveCfg = Debug|Any CPU
		{08AA300E-1ADE-430E-8B32-BD5561079941}.Debug|Any CPU.Build.0 = Debug|Any CPU
		{08AA300E-1ADE-430E-8B32-BD5561079941}.Release|Any CPU.ActiveCfg = Release|Any CPU
		{08AA300E-1ADE-430E-8B32-BD5561079941}.Release|Any CPU.Build.0 = Release|Any CPU
	EndGlobalSection
	GlobalSection(SolutionProperties) = preSolution
		HideSolutionNode = FALSE
	EndGlobalSection
	GlobalSection(ExtensibilityGlobals) = postSolution
		SolutionGuid = {CA5FA90A-7B74-4D8D-B70B-E12F56DA5794}
	EndGlobalSection
EndGlobal
